
Microsoft Visual Studio Solution File, Format Version 12.00
# Visual Studio 15
Project("{FAE04EC0-301F-11D3-BF4B-00C04F79EFBC}") = "Assembly-CSharp", "Assembly-CSharp.csproj", "{0343AA2E-9825-80BF-1183-039F5DCD8807}"
EndProject
Project("{FAE04EC0-301F-11D3-BF4B-00C04F79EFBC}") = "Microsoft.MixedReality.Toolkit.Demos.UX.Interactables", "Microsoft.MixedReality.Toolkit.Demos.UX.Interactables.csproj", "{01935687-A9B3-E3FF-EAB5-D308F5414EDA}"
EndProject
Global
	GlobalSection(SolutionConfigurationPlatforms) = preSolution
		Debug|Any CPU = Debug|Any CPU
		Release|Any CPU = Release|Any CPU
	EndGlobalSection
	GlobalSection(ProjectConfigurationPlatforms) = postSolution
		{0343AA2E-9825-80BF-1183-039F5DCD8807}.Debug|Any CPU.ActiveCfg = Debug|Any CPU
		{0343AA2E-9825-80BF-1183-039F5DCD8807}.Debug|Any CPU.Build.0 = Debug|Any CPU
		{0343AA2E-9825-80BF-1183-039F5DCD8807}.Release|Any CPU.ActiveCfg = Release|Any CPU
		{0343AA2E-9825-80BF-1183-039F5DCD8807}.Release|Any CPU.Build.0 = Release|Any CPU
		{01935687-A9B3-E3FF-EAB5-D308F5414EDA}.Debug|Any CPU.ActiveCfg = Debug|Any CPU
		{01935687-A9B3-E3FF-EAB5-D308F5414EDA}.Debug|Any CPU.Build.0 = Debug|Any CPU
		{01935687-A9B3-E3FF-EAB5-D308F5414EDA}.Release|Any CPU.ActiveCfg = Release|Any CPU
		{01935687-A9B3-E3FF-EAB5-D308F5414EDA}.Release|Any CPU.Build.0 = Release|Any CPU
	EndGlobalSection
	GlobalSection(SolutionProperties) = preSolution
		HideSolutionNode = FALSE
	EndGlobalSection
EndGlobal
